
Microsoft Visual Studio Solution File, Format Version 12.00
# Visual Studio 15
VisualStudioVersion = 15.0.28307.779
MinimumVisualStudioVersion = 10.0.40219.1
Project("{8BC9CEB8-8B4A-11D0-8D11-00A0C91BC942}") = "OpenGLStudy", "OpenGLStudy.vcxproj", "{10900915-D3F5-4382-9F69-826916244CCD}"
EndProject
Project("{8BC9CEB8-8B4A-11D0-8D11-00A0C91BC942}") = "Assets", "Engine\Assets\Assets.vcxproj", "{E5BC07B4-4AAB-4CE6-8A4E-A5B3EC116CC6}"
EndProject
Project("{2150E333-8FDC-42A3-9474-1A3956D46DE8}") = "Externals", "Externals", "{CC0FD099-214F-426D-AA9A-4CD98AB37037}"
EndProject
Project("{2150E333-8FDC-42A3-9474-1A3956D46DE8}") = "LUA", "LUA", "{BE704D3B-38FD-4A0B-A71E-C623B5CB0846}"
EndProject
Project("{8BC9CEB8-8B4A-11D0-8D11-00A0C91BC942}") = "LuaLib", "Externals\Lua\LuaLib.vcxproj", "{A506E35D-BB34-468D-82CD-112386BE29D1}"
EndProject
Project("{8BC9CEB8-8B4A-11D0-8D11-00A0C91BC942}") = "LuaExe", "Externals\Lua\LuaExe.vcxproj", "{B38967B9-886D-4E1F-B733-828D1783E2DC}"
EndProject
Project("{8BC9CEB8-8B4A-11D0-8D11-00A0C91BC942}") = "LuaCompiler", "Externals\Lua\LuaCompiler.vcxproj", "{0B19945A-9CA2-4ED3-84D8-0924B5428925}"
EndProject
Global
	GlobalSection(SolutionConfigurationPlatforms) = preSolution
		Debug|x64 = Debug|x64
		Debug|x86 = Debug|x86
		Release|x64 = Release|x64
		Release|x86 = Release|x86
	EndGlobalSection
	GlobalSection(ProjectConfigurationPlatforms) = postSolution
		{10900915-D3F5-4382-9F69-826916244CCD}.Debug|x64.ActiveCfg = Debug|x64
		{10900915-D3F5-4382-9F69-826916244CCD}.Debug|x64.Build.0 = Debug|x64
		{10900915-D3F5-4382-9F69-826916244CCD}.Debug|x86.ActiveCfg = Debug|Win32
		{10900915-D3F5-4382-9F69-826916244CCD}.Debug|x86.Build.0 = Debug|Win32
		{10900915-D3F5-4382-9F69-826916244CCD}.Release|x64.ActiveCfg = Release|x64
		{10900915-D3F5-4382-9F69-826916244CCD}.Release|x64.Build.0 = Release|x64
		{10900915-D3F5-4382-9F69-826916244CCD}.Release|x86.ActiveCfg = Release|Win32
		{10900915-D3F5-4382-9F69-826916244CCD}.Release|x86.Build.0 = Release|Win32
		{E5BC07B4-4AAB-4CE6-8A4E-A5B3EC116CC6}.Debug|x64.ActiveCfg = Debug|x64
		{E5BC07B4-4AAB-4CE6-8A4E-A5B3EC116CC6}.Debug|x64.Build.0 = Debug|x64
		{E5BC07B4-4AAB-4CE6-8A4E-A5B3EC116CC6}.Debug|x86.ActiveCfg = Debug|Win32
		{E5BC07B4-4AAB-4CE6-8A4E-A5B3EC116CC6}.Debug|x86.Build.0 = Debug|Win32
		{E5BC07B4-4AAB-4CE6-8A4E-A5B3EC116CC6}.Release|x64.ActiveCfg = Release|x64
		{E5BC07B4-4AAB-4CE6-8A4E-A5B3EC116CC6}.Release|x64.Build.0 = Release|x64
		{E5BC07B4-4AAB-4CE6-8A4E-A5B3EC116CC6}.Release|x86.ActiveCfg = Release|Win32
		{E5BC07B4-4AAB-4CE6-8A4E-A5B3EC116CC6}.Release|x86.Build.0 = Release|Win32
		{A506E35D-BB34-468D-82CD-112386BE29D1}.Debug|x64.ActiveCfg = Debug|x64
		{A506E35D-BB34-468D-82CD-112386BE29D1}.Debug|x64.Build.0 = Debug|x64
		{A506E35D-BB34-468D-82CD-112386BE29D1}.Debug|x86.ActiveCfg = Debug|Win32
		{A506E35D-BB34-468D-82CD-112386BE29D1}.Debug|x86.Build.0 = Debug|Win32
		{A506E35D-BB34-468D-82CD-112386BE29D1}.Release|x64.ActiveCfg = Release|x64
		{A506E35D-BB34-468D-82CD-112386BE29D1}.Release|x64.Build.0 = Release|x64
		{A506E35D-BB34-468D-82CD-112386BE29D1}.Release|x86.ActiveCfg = Release|Win32
		{A506E35D-BB34-468D-82CD-112386BE29D1}.Release|x86.Build.0 = Release|Win32
		{B38967B9-886D-4E1F-B733-828D1783E2DC}.Debug|x64.ActiveCfg = Debug|x64
		{B38967B9-886D-4E1F-B733-828D1783E2DC}.Debug|x64.Build.0 = Debug|x64
		{B38967B9-886D-4E1F-B733-828D1783E2DC}.Debug|x86.ActiveCfg = Debug|Win32
		{B38967B9-886D-4E1F-B733-828D1783E2DC}.Debug|x86.Build.0 = Debug|Win32
		{B38967B9-886D-4E1F-B733-828D1783E2DC}.Release|x64.ActiveCfg = Release|x64
		{B38967B9-886D-4E1F-B733-828D1783E2DC}.Release|x64.Build.0 = Release|x64
		{B38967B9-886D-4E1F-B733-828D1783E2DC}.Release|x86.ActiveCfg = Release|Win32
		{B38967B9-886D-4E1F-B733-828D1783E2DC}.Release|x86.Build.0 = Release|Win32
		{0B19945A-9CA2-4ED3-84D8-0924B5428925}.Debug|x64.ActiveCfg = Debug|x64
		{0B19945A-9CA2-4ED3-84D8-0924B5428925}.Debug|x64.Build.0 = Debug|x64
		{0B19945A-9CA2-4ED3-84D8-0924B5428925}.Debug|x86.ActiveCfg = Debug|Win32
		{0B19945A-9CA2-4ED3-84D8-0924B5428925}.Debug|x86.Build.0 = Debug|Win32
		{0B19945A-9CA2-4ED3-84D8-0924B5428925}.Release|x64.ActiveCfg = Release|x64
		{0B19945A-9CA2-4ED3-84D8-0924B5428925}.Release|x64.Build.0 = Release|x64
		{0B19945A-9CA2-4ED3-84D8-0924B5428925}.Release|x86.ActiveCfg = Release|Win32
		{0B19945A-9CA2-4ED3-84D8-0924B5428925}.Release|x86.Build.0 = Release|Win32
	EndGlobalSection
	GlobalSection(SolutionProperties) = preSolution
		HideSolutionNode = FALSE
	EndGlobalSection
	GlobalSection(NestedProjects) = preSolution
		{BE704D3B-38FD-4A0B-A71E-C623B5CB0846} = {CC0FD099-214F-426D-AA9A-4CD98AB37037}
		{A506E35D-BB34-468D-82CD-112386BE29D1} = {BE704D3B-38FD-4A0B-A71E-C623B5CB0846}
		{B38967B9-886D-4E1F-B733-828D1783E2DC} = {BE704D3B-38FD-4A0B-A71E-C623B5CB0846}
		{0B19945A-9CA2-4ED3-84D8-0924B5428925} = {BE704D3B-38FD-4A0B-A71E-C623B5CB0846}
	EndGlobalSection
	GlobalSection(ExtensibilityGlobals) = postSolution
		SolutionGuid = {052778C0-27DC-4A20-8381-1D43122FDD0F}
	EndGlobalSection
EndGlobal
