<?xml version="1.0" encoding="utf-8"?>
<Project ToolsVersion="4.0" xmlns="http://schemas.microsoft.com/developer/msbuild/2003">
  <ItemGroup>
    <Filter Include="Source Files">
      <UniqueIdentifier>{4FC737F1-C7A5-4376-A066-2A32D752A2FF}</UniqueIdentifier>
      <Extensions>cpp;c;cc;cxx;def;odl;idl;hpj;bat;asm;asmx</Extensions>
    </Filter>
    <Filter Include="Header Files">
      <UniqueIdentifier>{93995380-89BD-4b04-88EB-625FBE52EBFB}</UniqueIdentifier>
      <Extensions>h;hh;hpp;hxx;hm;inl;inc;ipp;xsd</Extensions>
    </Filter>
    <Filter Include="Resource Files">
      <UniqueIdentifier>{67DA6AB6-F800-4c08-8B7A-83BB121AAD01}</UniqueIdentifier>
      <Extensions>rc;ico;cur;bmp;dlg;rc2;rct;bin;rgs;gif;jpg;jpeg;jpe;resx;tiff;tif;png;wav;mfcribbon-ms</Extensions>
    </Filter>
    <Filter Include="Source Files\Engine">
      <UniqueIdentifier>{975ea8ff-941b-4252-a843-239fd6290174}</UniqueIdentifier>
    </Filter>
    <Filter Include="Source Files\Engine\Graphics">
      <UniqueIdentifier>{48d9d8ad-5af8-4995-9be9-81941c080737}</UniqueIdentifier>
    </Filter>
    <Filter Include="Source Files\Engine\Graphics\Mesh">
      <UniqueIdentifier>{9da3f5b0-ac07-47d3-b1ee-42671e0d4ee2}</UniqueIdentifier>
    </Filter>
    <Filter Include="Source Files\Engine\Graphics\Effect">
      <UniqueIdentifier>{be7d3c32-3959-49f0-8c30-9e3a2e4f0121}</UniqueIdentifier>
    </Filter>
    <Filter Include="Source Files\Engine\Graphics\Window">
      <UniqueIdentifier>{95b24a94-9e82-408d-b203-ba924745e6f6}</UniqueIdentifier>
    </Filter>
    <Filter Include="Source Files\Engine\Graphics\Camera">
      <UniqueIdentifier>{eb2d5f20-ba74-457e-a934-d7f697164fb5}</UniqueIdentifier>
    </Filter>
    <Filter Include="Source Files\Engine\Time">
      <UniqueIdentifier>{ec7da3fb-391a-4991-bc3c-8104f83ec143}</UniqueIdentifier>
    </Filter>
    <Filter Include="Source Files\Contents">
      <UniqueIdentifier>{1501a9d2-9679-42e3-b98a-de993fcd568f}</UniqueIdentifier>
    </Filter>
    <Filter Include="Source Files\Contents\shaders">
      <UniqueIdentifier>{b7ad59ef-2c16-4d6b-a612-aea310f26a18}</UniqueIdentifier>
    </Filter>
    <Filter Include="Source Files\Engine\Application">
      <UniqueIdentifier>{e5c0b51a-62c6-4df5-a0ce-49ed6a6f839c}</UniqueIdentifier>
    </Filter>
    <Filter Include="Source Files\MyGame">
      <UniqueIdentifier>{7f69affb-87e0-452e-ad6f-7c6b796b94a5}</UniqueIdentifier>
    </Filter>
    <Filter Include="Source Files\Tool">
      <UniqueIdentifier>{b9129976-be09-49ef-a4b6-e7324617dd2f}</UniqueIdentifier>
    </Filter>
    <Filter Include="Source Files\Engine\Graphics\Texture">
      <UniqueIdentifier>{6983bf0b-f8b3-4605-8293-f0ea42a81658}</UniqueIdentifier>
    </Filter>
    <Filter Include="Source Files\Contents\textures">
      <UniqueIdentifier>{f2696715-db38-46c5-a147-beb181ea8124}</UniqueIdentifier>
    </Filter>
  </ItemGroup>
  <ItemGroup>
    <ClCompile Include="Main.cpp">
      <Filter>Source Files</Filter>
    </ClCompile>
    <ClCompile Include="Engine\Graphics\Camera\Camera.cpp">
      <Filter>Source Files\Engine\Graphics\Camera</Filter>
    </ClCompile>
    <ClCompile Include="Engine\Graphics\Effect\Effect.cpp">
      <Filter>Source Files\Engine\Graphics\Effect</Filter>
    </ClCompile>
    <ClCompile Include="Engine\Graphics\Mesh\Mesh.cpp">
      <Filter>Source Files\Engine\Graphics\Mesh</Filter>
    </ClCompile>
    <ClCompile Include="Engine\Graphics\Window\Window.cpp">
      <Filter>Source Files\Engine\Graphics\Window</Filter>
    </ClCompile>
    <ClCompile Include="Engine\Time\Time.cpp">
      <Filter>Source Files\Engine\Time</Filter>
    </ClCompile>
    <ClCompile Include="Engine\Application\Application.cpp">
      <Filter>Source Files\Engine\Application</Filter>
    </ClCompile>
    <ClCompile Include="MyGame\MyGame.cpp">
      <Filter>Source Files\MyGame</Filter>
    </ClCompile>
    <ClCompile Include="Engine\Graphics\Texture\Texture.cpp">
      <Filter>Source Files\Engine\Graphics\Texture</Filter>
    </ClCompile>
  </ItemGroup>
  <ItemGroup>
    <ClInclude Include="Engine\Graphics\Camera\Camera.h">
      <Filter>Source Files\Engine\Graphics\Camera</Filter>
    </ClInclude>
    <ClInclude Include="Engine\Graphics\Effect\Effect.h">
      <Filter>Source Files\Engine\Graphics\Effect</Filter>
    </ClInclude>
    <ClInclude Include="Engine\Graphics\Mesh\Mesh.h">
      <Filter>Source Files\Engine\Graphics\Mesh</Filter>
    </ClInclude>
    <ClInclude Include="Engine\Graphics\Window\Window.h">
      <Filter>Source Files\Engine\Graphics\Window</Filter>
    </ClInclude>
    <ClInclude Include="Engine\Graphics\Window\WindowInput.h">
      <Filter>Source Files\Engine\Graphics\Window</Filter>
    </ClInclude>
    <ClInclude Include="Engine\Time\Time.h">
      <Filter>Source Files\Engine\Time</Filter>
    </ClInclude>
    <ClInclude Include="Engine\Application\Application.h">
      <Filter>Source Files\Engine\Application</Filter>
    </ClInclude>
    <ClInclude Include="MyGame\MyGame.h">
      <Filter>Source Files\MyGame</Filter>
    </ClInclude>
    <ClInclude Include="Tool\stb_image.h">
      <Filter>Source Files\Tool</Filter>
    </ClInclude>
    <ClInclude Include="Engine\Graphics\Texture\Texture.h">
      <Filter>Source Files\Engine\Graphics\Texture</Filter>
    </ClInclude>
  </ItemGroup>
  <ItemGroup>
    <None Include="Contents\shaders\fragmentShader.glsl">
      <Filter>Source Files\Contents\shaders</Filter>
    </None>
    <None Include="Contents\shaders\vertexShader.glsl">
      <Filter>Source Files\Contents\shaders</Filter>
    </None>
  </ItemGroup>
  <ItemGroup>
    <Image Include="Contents\textures\brick.jpg">
      <Filter>Source Files\Contents\textures</Filter>
    </Image>
    <Image Include="Contents\textures\dirt.jpg">
      <Filter>Source Files\Contents\textures</Filter>
    </Image>
  </ItemGroup>
</Project>